
Microsoft Visual Studio Solution File, Format Version 12.00
# Visual Studio Version 17
VisualStudioVersion = 17.4.33205.214
MinimumVisualStudioVersion = 10.0.40219.1
Project("{FAE04EC0-301F-11D3-BF4B-00C04F79EFBC}") = "Origins", "Origins\Origins.csproj", "{C9D61AE5-6BF9-4064-9726-937DC90846F3}"
EndProject
Global
	GlobalSection(SolutionConfigurationPlatforms) = preSolution
		Debug|Any CPU = Debug|Any CPU
		Release|Any CPU = Release|Any CPU
	EndGlobalSection
	GlobalSection(ProjectConfigurationPlatforms) = postSolution
		{C9D61AE5-6BF9-4064-9726-937DC90846F3}.Debug|Any CPU.ActiveCfg = Debug|Any CPU
		{C9D61AE5-6BF9-4064-9726-937DC90846F3}.Debug|Any CPU.Build.0 = Debug|Any CPU
		{C9D61AE5-6BF9-4064-9726-937DC90846F3}.Release|Any CPU.ActiveCfg = Release|Any CPU
		{C9D61AE5-6BF9-4064-9726-937DC90846F3}.Release|Any CPU.Build.0 = Release|Any CPU
	EndGlobalSection
	GlobalSection(SolutionProperties) = preSolution
		HideSolutionNode = FALSE
	EndGlobalSection
	GlobalSection(ExtensibilityGlobals) = postSolution
		SolutionGuid = {97EB2ABA-E5C7-44A2-87AF-905C772FF8EB}
	EndGlobalSection
EndGlobal
